Microsoft Visual Studio Solution File, Format Version 12.00
# Visual Studio Version 17
VisualStudioVersion = 17.5.2.0
MinimumVisualStudioVersion = 10.0.40219.1
Project("{FAE04EC0-301F-11D3-BF4B-00C04F79EFBC}") = "Ssera.Client", "Ssera.Client.csproj", "{EC27A30A-8FAC-710B-D609-172E8D1E948C}"
EndProject
Global
	GlobalSection(SolutionConfigurationPlatforms) = preSolution
		Debug|Any CPU = Debug|Any CPU
		Release|Any CPU = Release|Any CPU
	EndGlobalSection
	GlobalSection(ProjectConfigurationPlatforms) = postSolution
		{EC27A30A-8FAC-710B-D609-172E8D1E948C}.Debug|Any CPU.ActiveCfg = Debug|Any CPU
		{EC27A30A-8FAC-710B-D609-172E8D1E948C}.Debug|Any CPU.Build.0 = Debug|Any CPU
		{EC27A30A-8FAC-710B-D609-172E8D1E948C}.Release|Any CPU.ActiveCfg = Release|Any CPU
		{EC27A30A-8FAC-710B-D609-172E8D1E948C}.Release|Any CPU.Build.0 = Release|Any CPU
	EndGlobalSection
	GlobalSection(SolutionProperties) = preSolution
		HideSolutionNode = FALSE
	EndGlobalSection
	GlobalSection(ExtensibilityGlobals) = postSolution
		SolutionGuid = {C218CB6E-0D8E-4AD0-98CA-E5FFB7B272BA}
	EndGlobalSection
EndGlobal
