
Microsoft Visual Studio Solution File, Format Version 12.00
# Visual Studio Version 17
VisualStudioVersion = 17.0.31903.59
MinimumVisualStudioVersion = 10.0.40219.1
Project("{FAE04EC0-301F-11D3-BF4B-00C04F79EFBC}") = "LsfArchiveHelper.Api", "LsfArchiveHelper.Api\LsfArchiveHelper.Api.csproj", "{BF056466-9D62-45F3-987D-075C7443131B}"
EndProject
Project("{54A90642-561A-4BB1-A94E-469ADEE60C69}") = "LsfArchiveHelper.Client", "LsfArchiveHelper.Client\LsfArchiveHelper.Client.esproj", "{829D13A7-693D-49CE-8526-7B9095BE3758}"
EndProject
Global
	GlobalSection(SolutionConfigurationPlatforms) = preSolution
		Debug|Any CPU = Debug|Any CPU
		Release|Any CPU = Release|Any CPU
	EndGlobalSection
	GlobalSection(SolutionProperties) = preSolution
		HideSolutionNode = FALSE
	EndGlobalSection
	GlobalSection(ProjectConfigurationPlatforms) = postSolution
		{BF056466-9D62-45F3-987D-075C7443131B}.Debug|Any CPU.ActiveCfg = Debug|Any CPU
		{BF056466-9D62-45F3-987D-075C7443131B}.Debug|Any CPU.Build.0 = Debug|Any CPU
		{BF056466-9D62-45F3-987D-075C7443131B}.Release|Any CPU.ActiveCfg = Release|Any CPU
		{BF056466-9D62-45F3-987D-075C7443131B}.Release|Any CPU.Build.0 = Release|Any CPU
		{829D13A7-693D-49CE-8526-7B9095BE3758}.Debug|Any CPU.ActiveCfg = Debug|Any CPU
		{829D13A7-693D-49CE-8526-7B9095BE3758}.Debug|Any CPU.Build.0 = Debug|Any CPU
		{829D13A7-693D-49CE-8526-7B9095BE3758}.Release|Any CPU.ActiveCfg = Debug|Any CPU
		{829D13A7-693D-49CE-8526-7B9095BE3758}.Release|Any CPU.Build.0 = Debug|Any CPU
	EndGlobalSection
EndGlobal
